// !$*UTF8*$!
{
	archiveVersion = 1;
	classes = {
	};
	objectVersion = 51;
	objects = {

/* Begin PBXBuildFile section */
		4A6D9D0F26EFE2B1002A5536 /* MonthYearPickerView.swift in Sources */ = {isa = PBXBuildFile; fileRef = 4A6D9D0E26EFE2B1002A5536 /* MonthYearPickerView.swift */; };
		4A83F03626EBEEE2000A62EB /* AppDelegate.swift in Sources */ = {isa = PBXBuildFile; fileRef = 4A83F03526EBEEE2000A62EB /* AppDelegate.swift */; };
		4A83F03A26EBEEE2000A62EB /* CowPayInitializer.swift in Sources */ = {isa = PBXBuildFile; fileRef = 4A83F03926EBEEE2000A62EB /* CowPayInitializer.swift */; };
		4A83F03D26EBEEE2000A62EB /* Main.storyboard in Resources */ = {isa = PBXBuildFile; fileRef = 4A83F03B26EBEEE2000A62EB /* Main.storyboard */; };
		4A83F03F26EBEEE4000A62EB /* Assets.xcassets in Resources */ = {isa = PBXBuildFile; fileRef = 4A83F03E26EBEEE4000A62EB /* Assets.xcassets */; };
		4A83F04226EBEEE4000A62EB /* LaunchScreen.storyboard in Resources */ = {isa = PBXBuildFile; fileRef = 4A83F04026EBEEE4000A62EB /* LaunchScreen.storyboard */; };
		4A83F04D26EBEEE5000A62EB /* CowPay_me_SDKTests.swift in Sources */ = {isa = PBXBuildFile; fileRef = 4A83F04C26EBEEE5000A62EB /* CowPay_me_SDKTests.swift */; };
		4A83F05826EBEEE5000A62EB /* CowPay_me_SDKUITests.swift in Sources */ = {isa = PBXBuildFile; fileRef = 4A83F05726EBEEE5000A62EB /* CowPay_me_SDKUITests.swift */; };
		4A9D147426ECC0A600C0F3E4 /* CowPay.storyboard in Resources */ = {isa = PBXBuildFile; fileRef = 4A9D147326ECC0A600C0F3E4 /* CowPay.storyboard */; };
		4A9D148326ECC3AF00C0F3E4 /* CowPayViewController.swift in Sources */ = {isa = PBXBuildFile; fileRef = 4A9D148226ECC3AF00C0F3E4 /* CowPayViewController.swift */; };
		4A9D148F26ECD27200C0F3E4 /* Localizable.strings in Resources */ = {isa = PBXBuildFile; fileRef = 4A9D148B26ECD27200C0F3E4 /* Localizable.strings */; };
		4A9D149026ECD27200C0F3E4 /* LocalizationHelper.swift in Sources */ = {isa = PBXBuildFile; fileRef = 4A9D148D26ECD27200C0F3E4 /* LocalizationHelper.swift */; };
		4A9D149726ECD2AE00C0F3E4 /* Constants.swift in Sources */ = {isa = PBXBuildFile; fileRef = 4A9D149526ECD2AE00C0F3E4 /* Constants.swift */; };
		4A9D14BB26ECD55B00C0F3E4 /* UIColorExtension.swift in Sources */ = {isa = PBXBuildFile; fileRef = 4A9D14A426ECD55B00C0F3E4 /* UIColorExtension.swift */; };
		4A9D14BD26ECD55B00C0F3E4 /* UIButtonExtension.swift in Sources */ = {isa = PBXBuildFile; fileRef = 4A9D14A726ECD55B00C0F3E4 /* UIButtonExtension.swift */; };
		4A9D14BE26ECD55B00C0F3E4 /* UIImageViewExtension.swift in Sources */ = {isa = PBXBuildFile; fileRef = 4A9D14A826ECD55B00C0F3E4 /* UIImageViewExtension.swift */; };
		4A9D14BF26ECD55B00C0F3E4 /* UITextFieldExtension.swift in Sources */ = {isa = PBXBuildFile; fileRef = 4A9D14A926ECD55B00C0F3E4 /* UITextFieldExtension.swift */; };
		4A9D14C026ECD55B00C0F3E4 /* UILabelExtension.swift in Sources */ = {isa = PBXBuildFile; fileRef = 4A9D14AA26ECD55B00C0F3E4 /* UILabelExtension.swift */; };
		4A9D14C126ECD55B00C0F3E4 /* UIViewControllerExtension.swift in Sources */ = {isa = PBXBuildFile; fileRef = 4A9D14AB26ECD55B00C0F3E4 /* UIViewControllerExtension.swift */; };
		4A9D14C226ECD55B00C0F3E4 /* UITableViewExtension.swift in Sources */ = {isa = PBXBuildFile; fileRef = 4A9D14AC26ECD55B00C0F3E4 /* UITableViewExtension.swift */; };
		4A9D14C326ECD55B00C0F3E4 /* UIViewExtension.swift in Sources */ = {isa = PBXBuildFile; fileRef = 4A9D14AD26ECD55B00C0F3E4 /* UIViewExtension.swift */; };
		4A9D14C526ECD55B00C0F3E4 /* UIImageExtension.swift in Sources */ = {isa = PBXBuildFile; fileRef = 4A9D14AF26ECD55B00C0F3E4 /* UIImageExtension.swift */; };
		4A9D14C626ECD55B00C0F3E4 /* CGFloatExtension.swift in Sources */ = {isa = PBXBuildFile; fileRef = 4A9D14B026ECD55B00C0F3E4 /* CGFloatExtension.swift */; };
		4A9D14C726ECD55B00C0F3E4 /* DispatchQueue .swift in Sources */ = {isa = PBXBuildFile; fileRef = 4A9D14B126ECD55B00C0F3E4 /* DispatchQueue .swift */; };
		4A9D14C826ECD55B00C0F3E4 /* Encodable.swift in Sources */ = {isa = PBXBuildFile; fileRef = 4A9D14B226ECD55B00C0F3E4 /* Encodable.swift */; };
		4A9D14C926ECD55B00C0F3E4 /* StringExtension.swift in Sources */ = {isa = PBXBuildFile; fileRef = 4A9D14B326ECD55B00C0F3E4 /* StringExtension.swift */; };
		4A9D14CB26ECD55B00C0F3E4 /* DoubleExtension.swift in Sources */ = {isa = PBXBuildFile; fileRef = 4A9D14B526ECD55B00C0F3E4 /* DoubleExtension.swift */; };
		4A9D14CD26ECD55B00C0F3E4 /* DateExtension.swift in Sources */ = {isa = PBXBuildFile; fileRef = 4A9D14B726ECD55B00C0F3E4 /* DateExtension.swift */; };
		4A9D14CE26ECD55B00C0F3E4 /* TableViewExtension.swift in Sources */ = {isa = PBXBuildFile; fileRef = 4A9D14B826ECD55B00C0F3E4 /* TableViewExtension.swift */; };
		4A9D14CF26ECD55B00C0F3E4 /* UITapGestureRecognizer.swift in Sources */ = {isa = PBXBuildFile; fileRef = 4A9D14B926ECD55B00C0F3E4 /* UITapGestureRecognizer.swift */; };
		7BD042EEEB546EBBAAE89686 /* Pods_CowPay_me_SDK.framework in Frameworks */ = {isa = PBXBuildFile; fileRef = 9F01A8A24D88DC9FDCFC64D5 /* Pods_CowPay_me_SDK.framework */; };
		B18CF64626EFCB480099EBBC /* ServiceApi.swift in Sources */ = {isa = PBXBuildFile; fileRef = B18CF64526EFCB480099EBBC /* ServiceApi.swift */; };
		B18CF64E26EFCDB60099EBBC /* CowpaySDK.swift in Sources */ = {isa = PBXBuildFile; fileRef = B18CF64D26EFCDB60099EBBC /* CowpaySDK.swift */; };
		B18CF65726EFD3FD0099EBBC /* MyCode.swift in Sources */ = {isa = PBXBuildFile; fileRef = B18CF65626EFD3FD0099EBBC /* MyCode.swift */; };
		B18CF66226EFD8B50099EBBC /* NVCViewController.swift in Sources */ = {isa = PBXBuildFile; fileRef = B18CF66126EFD8B50099EBBC /* NVCViewController.swift */; };
		B18CF66A26EFDDC20099EBBC /* Interactor.swift in Sources */ = {isa = PBXBuildFile; fileRef = B18CF66926EFDDC20099EBBC /* Interactor.swift */; };
		B18CF67026EFE0090099EBBC /* PaymentInfo.swift in Sources */ = {isa = PBXBuildFile; fileRef = B18CF66F26EFE0090099EBBC /* PaymentInfo.swift */; };
/* End PBXBuildFile section */

/* Begin PBXContainerItemProxy section */
		4A83F04926EBEEE5000A62EB /* PBXContainerItemProxy */ = {
			isa = PBXContainerItemProxy;
			containerPortal = 4A83F02A26EBEEE2000A62EB /* Project object */;
			proxyType = 1;
			remoteGlobalIDString = 4A83F03126EBEEE2000A62EB;
			remoteInfo = "CowPay-me-SDK";
		};
		4A83F05426EBEEE5000A62EB /* PBXContainerItemProxy */ = {
			isa = PBXContainerItemProxy;
			containerPortal = 4A83F02A26EBEEE2000A62EB /* Project object */;
			proxyType = 1;
			remoteGlobalIDString = 4A83F03126EBEEE2000A62EB;
			remoteInfo = "CowPay-me-SDK";
		};
/* End PBXContainerItemProxy section */

/* Begin PBXFileReference section */
		4A6D9D0E26EFE2B1002A5536 /* MonthYearPickerView.swift */ = {isa = PBXFileReference; lastKnownFileType = sourcecode.swift; path = MonthYearPickerView.swift; sourceTree = "<group>"; };
		4A83F03226EBEEE2000A62EB /* CowPay-me-SDK.app */ = {isa = PBXFileReference; explicitFileType = wrapper.application; includeInIndex = 0; path = "CowPay-me-SDK.app"; sourceTree = BUILT_PRODUCTS_DIR; };
		4A83F03526EBEEE2000A62EB /* AppDelegate.swift */ = {isa = PBXFileReference; lastKnownFileType = sourcecode.swift; path = AppDelegate.swift; sourceTree = "<group>"; };
		4A83F03926EBEEE2000A62EB /* CowPayInitializer.swift */ = {isa = PBXFileReference; lastKnownFileType = sourcecode.swift; path = CowPayInitializer.swift; sourceTree = "<group>"; };
		4A83F03C26EBEEE2000A62EB /* Base */ = {isa = PBXFileReference; lastKnownFileType = file.storyboard; name = Base; path = Base.lproj/Main.storyboard; sourceTree = "<group>"; };
		4A83F03E26EBEEE4000A62EB /* Assets.xcassets */ = {isa = PBXFileReference; lastKnownFileType = folder.assetcatalog; path = Assets.xcassets; sourceTree = "<group>"; };
		4A83F04126EBEEE4000A62EB /* Base */ = {isa = PBXFileReference; lastKnownFileType = file.storyboard; name = Base; path = Base.lproj/LaunchScreen.storyboard; sourceTree = "<group>"; };
		4A83F04326EBEEE4000A62EB /* Info.plist */ = {isa = PBXFileReference; lastKnownFileType = text.plist.xml; path = Info.plist; sourceTree = "<group>"; };
		4A83F04826EBEEE5000A62EB /* CowPay-me-SDKTests.xctest */ = {isa = PBXFileReference; explicitFileType = wrapper.cfbundle; includeInIndex = 0; path = "CowPay-me-SDKTests.xctest"; sourceTree = BUILT_PRODUCTS_DIR; };
		4A83F04C26EBEEE5000A62EB /* CowPay_me_SDKTests.swift */ = {isa = PBXFileReference; lastKnownFileType = sourcecode.swift; path = CowPay_me_SDKTests.swift; sourceTree = "<group>"; };
		4A83F04E26EBEEE5000A62EB /* Info.plist */ = {isa = PBXFileReference; lastKnownFileType = text.plist.xml; path = Info.plist; sourceTree = "<group>"; };
		4A83F05326EBEEE5000A62EB /* CowPay-me-SDKUITests.xctest */ = {isa = PBXFileReference; explicitFileType = wrapper.cfbundle; includeInIndex = 0; path = "CowPay-me-SDKUITests.xctest"; sourceTree = BUILT_PRODUCTS_DIR; };
		4A83F05726EBEEE5000A62EB /* CowPay_me_SDKUITests.swift */ = {isa = PBXFileReference; lastKnownFileType = sourcecode.swift; path = CowPay_me_SDKUITests.swift; sourceTree = "<group>"; };
		4A83F05926EBEEE5000A62EB /* Info.plist */ = {isa = PBXFileReference; lastKnownFileType = text.plist.xml; path = Info.plist; sourceTree = "<group>"; };
		4A9D147326ECC0A600C0F3E4 /* CowPay.storyboard */ = {isa = PBXFileReference; lastKnownFileType = file.storyboard; path = CowPay.storyboard; sourceTree = "<group>"; };
		4A9D148226ECC3AF00C0F3E4 /* CowPayViewController.swift */ = {isa = PBXFileReference; lastKnownFileType = sourcecode.swift; path = CowPayViewController.swift; sourceTree = "<group>"; };
		4A9D148C26ECD27200C0F3E4 /* ar */ = {isa = PBXFileReference; lastKnownFileType = text.plist.strings; name = ar; path = ar.lproj/Localizable.strings; sourceTree = "<group>"; };
		4A9D148D26ECD27200C0F3E4 /* LocalizationHelper.swift */ = {isa = PBXFileReference; fileEncoding = 4; lastKnownFileType = sourcecode.swift; path = LocalizationHelper.swift; sourceTree = "<group>"; };
		4A9D148E26ECD27200C0F3E4 /* en */ = {isa = PBXFileReference; lastKnownFileType = text.plist.strings; name = en; path = en.lproj/Localizable.strings; sourceTree = "<group>"; };
		4A9D149526ECD2AE00C0F3E4 /* Constants.swift */ = {isa = PBXFileReference; fileEncoding = 4; lastKnownFileType = sourcecode.swift; path = Constants.swift; sourceTree = "<group>"; };
		4A9D14A426ECD55B00C0F3E4 /* UIColorExtension.swift */ = {isa = PBXFileReference; fileEncoding = 4; lastKnownFileType = sourcecode.swift; path = UIColorExtension.swift; sourceTree = "<group>"; };
		4A9D14A726ECD55B00C0F3E4 /* UIButtonExtension.swift */ = {isa = PBXFileReference; fileEncoding = 4; lastKnownFileType = sourcecode.swift; path = UIButtonExtension.swift; sourceTree = "<group>"; };
		4A9D14A826ECD55B00C0F3E4 /* UIImageViewExtension.swift */ = {isa = PBXFileReference; fileEncoding = 4; lastKnownFileType = sourcecode.swift; path = UIImageViewExtension.swift; sourceTree = "<group>"; };
		4A9D14A926ECD55B00C0F3E4 /* UITextFieldExtension.swift */ = {isa = PBXFileReference; fileEncoding = 4; lastKnownFileType = sourcecode.swift; path = UITextFieldExtension.swift; sourceTree = "<group>"; };
		4A9D14AA26ECD55B00C0F3E4 /* UILabelExtension.swift */ = {isa = PBXFileReference; fileEncoding = 4; lastKnownFileType = sourcecode.swift; path = UILabelExtension.swift; sourceTree = "<group>"; };
		4A9D14AB26ECD55B00C0F3E4 /* UIViewControllerExtension.swift */ = {isa = PBXFileReference; fileEncoding = 4; lastKnownFileType = sourcecode.swift; path = UIViewControllerExtension.swift; sourceTree = "<group>"; };
		4A9D14AC26ECD55B00C0F3E4 /* UITableViewExtension.swift */ = {isa = PBXFileReference; fileEncoding = 4; lastKnownFileType = sourcecode.swift; path = UITableViewExtension.swift; sourceTree = "<group>"; };
		4A9D14AD26ECD55B00C0F3E4 /* UIViewExtension.swift */ = {isa = PBXFileReference; fileEncoding = 4; lastKnownFileType = sourcecode.swift; path = UIViewExtension.swift; sourceTree = "<group>"; };
		4A9D14AF26ECD55B00C0F3E4 /* UIImageExtension.swift */ = {isa = PBXFileReference; fileEncoding = 4; lastKnownFileType = sourcecode.swift; path = UIImageExtension.swift; sourceTree = "<group>"; };
		4A9D14B026ECD55B00C0F3E4 /* CGFloatExtension.swift */ = {isa = PBXFileReference; fileEncoding = 4; lastKnownFileType = sourcecode.swift; path = CGFloatExtension.swift; sourceTree = "<group>"; };
		4A9D14B126ECD55B00C0F3E4 /* DispatchQueue .swift */ = {isa = PBXFileReference; fileEncoding = 4; lastKnownFileType = sourcecode.swift; path = "DispatchQueue .swift"; sourceTree = "<group>"; };
		4A9D14B226ECD55B00C0F3E4 /* Encodable.swift */ = {isa = PBXFileReference; fileEncoding = 4; lastKnownFileType = sourcecode.swift; path = Encodable.swift; sourceTree = "<group>"; };
		4A9D14B326ECD55B00C0F3E4 /* StringExtension.swift */ = {isa = PBXFileReference; fileEncoding = 4; lastKnownFileType = sourcecode.swift; path = StringExtension.swift; sourceTree = "<group>"; };
		4A9D14B526ECD55B00C0F3E4 /* DoubleExtension.swift */ = {isa = PBXFileReference; fileEncoding = 4; lastKnownFileType = sourcecode.swift; path = DoubleExtension.swift; sourceTree = "<group>"; };
		4A9D14B726ECD55B00C0F3E4 /* DateExtension.swift */ = {isa = PBXFileReference; fileEncoding = 4; lastKnownFileType = sourcecode.swift; path = DateExtension.swift; sourceTree = "<group>"; };
		4A9D14B826ECD55B00C0F3E4 /* TableViewExtension.swift */ = {isa = PBXFileReference; fileEncoding = 4; lastKnownFileType = sourcecode.swift; path = TableViewExtension.swift; sourceTree = "<group>"; };
		4A9D14B926ECD55B00C0F3E4 /* UITapGestureRecognizer.swift */ = {isa = PBXFileReference; fileEncoding = 4; lastKnownFileType = sourcecode.swift; path = UITapGestureRecognizer.swift; sourceTree = "<group>"; };
		986EC6A57575E605E6F155F1 /* Pods-CowPay-me-SDK.debug.xcconfig */ = {isa = PBXFileReference; includeInIndex = 1; lastKnownFileType = text.xcconfig; name = "Pods-CowPay-me-SDK.debug.xcconfig"; path = "Target Support Files/Pods-CowPay-me-SDK/Pods-CowPay-me-SDK.debug.xcconfig"; sourceTree = "<group>"; };
		9F01A8A24D88DC9FDCFC64D5 /* Pods_CowPay_me_SDK.framework */ = {isa = PBXFileReference; explicitFileType = wrapper.framework; includeInIndex = 0; path = Pods_CowPay_me_SDK.framework; sourceTree = BUILT_PRODUCTS_DIR; };
		B18CF64526EFCB480099EBBC /* ServiceApi.swift */ = {isa = PBXFileReference; lastKnownFileType = sourcecode.swift; path = ServiceApi.swift; sourceTree = "<group>"; };
		B18CF64D26EFCDB60099EBBC /* CowpaySDK.swift */ = {isa = PBXFileReference; lastKnownFileType = sourcecode.swift; path = CowpaySDK.swift; sourceTree = "<group>"; };
		B18CF65626EFD3FD0099EBBC /* MyCode.swift */ = {isa = PBXFileReference; lastKnownFileType = sourcecode.swift; path = MyCode.swift; sourceTree = "<group>"; };
		B18CF66126EFD8B50099EBBC /* NVCViewController.swift */ = {isa = PBXFileReference; lastKnownFileType = sourcecode.swift; path = NVCViewController.swift; sourceTree = "<group>"; };
		B18CF66926EFDDC20099EBBC /* Interactor.swift */ = {isa = PBXFileReference; lastKnownFileType = sourcecode.swift; path = Interactor.swift; sourceTree = "<group>"; };
		B18CF66F26EFE0090099EBBC /* PaymentInfo.swift */ = {isa = PBXFileReference; lastKnownFileType = sourcecode.swift; path = PaymentInfo.swift; sourceTree = "<group>"; };
		D21C04F86747DCDC9F0C538E /* Pods-CowPay-me-SDK.release.xcconfig */ = {isa = PBXFileReference; includeInIndex = 1; lastKnownFileType = text.xcconfig; name = "Pods-CowPay-me-SDK.release.xcconfig"; path = "Target Support Files/Pods-CowPay-me-SDK/Pods-CowPay-me-SDK.release.xcconfig"; sourceTree = "<group>"; };
/* End PBXFileReference section */

/* Begin PBXFrameworksBuildPhase section */
		4A83F02F26EBEEE2000A62EB /* Frameworks */ = {
			isa = PBXFrameworksBuildPhase;
			buildActionMask = 2147483647;
			files = (
				7BD042EEEB546EBBAAE89686 /* Pods_CowPay_me_SDK.framework in Frameworks */,
			);
			runOnlyForDeploymentPostprocessing = 0;
		};
		4A83F04526EBEEE5000A62EB /* Frameworks */ = {
			isa = PBXFrameworksBuildPhase;
			buildActionMask = 2147483647;
			files = (
			);
			runOnlyForDeploymentPostprocessing = 0;
		};
		4A83F05026EBEEE5000A62EB /* Frameworks */ = {
			isa = PBXFrameworksBuildPhase;
			buildActionMask = 2147483647;
			files = (
			);
			runOnlyForDeploymentPostprocessing = 0;
		};
/* End PBXFrameworksBuildPhase section */

/* Begin PBXGroup section */
		0D3796C68AD76B3837A9D8FA /* Frameworks */ = {
			isa = PBXGroup;
			children = (
				9F01A8A24D88DC9FDCFC64D5 /* Pods_CowPay_me_SDK.framework */,
			);
			name = Frameworks;
			sourceTree = "<group>";
		};
		14C245B0343E9F9081E1833A /* Pods */ = {
			isa = PBXGroup;
			children = (
				986EC6A57575E605E6F155F1 /* Pods-CowPay-me-SDK.debug.xcconfig */,
				D21C04F86747DCDC9F0C538E /* Pods-CowPay-me-SDK.release.xcconfig */,
			);
			path = Pods;
			sourceTree = "<group>";
		};
		4A83F02926EBEEE2000A62EB = {
			isa = PBXGroup;
			children = (
				4A83F03426EBEEE2000A62EB /* CowPay-me-SDK */,
				4A83F04B26EBEEE5000A62EB /* CowPay-me-SDKTests */,
				4A83F05626EBEEE5000A62EB /* CowPay-me-SDKUITests */,
				4A83F03326EBEEE2000A62EB /* Products */,
				14C245B0343E9F9081E1833A /* Pods */,
				0D3796C68AD76B3837A9D8FA /* Frameworks */,
			);
			sourceTree = "<group>";
		};
		4A83F03326EBEEE2000A62EB /* Products */ = {
			isa = PBXGroup;
			children = (
				4A83F03226EBEEE2000A62EB /* CowPay-me-SDK.app */,
				4A83F04826EBEEE5000A62EB /* CowPay-me-SDKTests.xctest */,
				4A83F05326EBEEE5000A62EB /* CowPay-me-SDKUITests.xctest */,
			);
			name = Products;
			sourceTree = "<group>";
		};
		4A83F03426EBEEE2000A62EB /* CowPay-me-SDK */ = {
			isa = PBXGroup;
			children = (
				B18CF66E26EFDDD20099EBBC /* Model */,
				B18CF65226EFD21A0099EBBC /* SDK */,
				B18CF64426EFCB2A0099EBBC /* RemoteDS */,
				4A9D149426ECD2AE00C0F3E4 /* Constants */,
				4A9D148A26ECD27200C0F3E4 /* Localization */,
				4A9D14A226ECD55B00C0F3E4 /* Extensions */,
				4A83F07426EC09BC000A62EB /* CowPay-me-SDK */,
				4A83F03526EBEEE2000A62EB /* AppDelegate.swift */,
				4A9D148226ECC3AF00C0F3E4 /* CowPayViewController.swift */,
				4A83F03926EBEEE2000A62EB /* CowPayInitializer.swift */,
				4A83F04026EBEEE4000A62EB /* LaunchScreen.storyboard */,
				4A83F04326EBEEE4000A62EB /* Info.plist */,
				B18CF65626EFD3FD0099EBBC /* MyCode.swift */,
				B18CF66126EFD8B50099EBBC /* NVCViewController.swift */,
			);
			path = "CowPay-me-SDK";
			sourceTree = "<group>";
		};
		4A83F04B26EBEEE5000A62EB /* CowPay-me-SDKTests */ = {
			isa = PBXGroup;
			children = (
				4A83F04C26EBEEE5000A62EB /* CowPay_me_SDKTests.swift */,
				4A83F04E26EBEEE5000A62EB /* Info.plist */,
			);
			path = "CowPay-me-SDKTests";
			sourceTree = "<group>";
		};
		4A83F05626EBEEE5000A62EB /* CowPay-me-SDKUITests */ = {
			isa = PBXGroup;
			children = (
				4A83F05726EBEEE5000A62EB /* CowPay_me_SDKUITests.swift */,
				4A83F05926EBEEE5000A62EB /* Info.plist */,
			);
			path = "CowPay-me-SDKUITests";
			sourceTree = "<group>";
		};
		4A83F07426EC09BC000A62EB /* CowPay-me-SDK */ = {
			isa = PBXGroup;
			children = (
				4A9D147326ECC0A600C0F3E4 /* CowPay.storyboard */,
				4A83F03B26EBEEE2000A62EB /* Main.storyboard */,
				4A83F03E26EBEEE4000A62EB /* Assets.xcassets */,
			);
			path = "CowPay-me-SDK";
			sourceTree = "<group>";
		};
		4A9D148A26ECD27200C0F3E4 /* Localization */ = {
			isa = PBXGroup;
			children = (
				4A9D148B26ECD27200C0F3E4 /* Localizable.strings */,
				4A9D148D26ECD27200C0F3E4 /* LocalizationHelper.swift */,
			);
			path = Localization;
			sourceTree = "<group>";
		};
		4A9D149426ECD2AE00C0F3E4 /* Constants */ = {
			isa = PBXGroup;
			children = (
				4A9D149526ECD2AE00C0F3E4 /* Constants.swift */,
			);
			path = Constants;
			sourceTree = "<group>";
		};
		4A9D14A226ECD55B00C0F3E4 /* Extensions */ = {
			isa = PBXGroup;
			children = (
				4A9D14A426ECD55B00C0F3E4 /* UIColorExtension.swift */,
				4A9D14A626ECD55B00C0F3E4 /* ViewsExtensions */,
				4A9D14B026ECD55B00C0F3E4 /* CGFloatExtension.swift */,
				4A9D14B126ECD55B00C0F3E4 /* DispatchQueue .swift */,
				4A9D14B226ECD55B00C0F3E4 /* Encodable.swift */,
				4A9D14B326ECD55B00C0F3E4 /* StringExtension.swift */,
				4A9D14B526ECD55B00C0F3E4 /* DoubleExtension.swift */,
				4A9D14B726ECD55B00C0F3E4 /* DateExtension.swift */,
				4A9D14B826ECD55B00C0F3E4 /* TableViewExtension.swift */,
				4A9D14B926ECD55B00C0F3E4 /* UITapGestureRecognizer.swift */,
				4A6D9D0E26EFE2B1002A5536 /* MonthYearPickerView.swift */,
			);
			path = Extensions;
			sourceTree = "<group>";
		};
		4A9D14A626ECD55B00C0F3E4 /* ViewsExtensions */ = {
			isa = PBXGroup;
			children = (
				4A9D14A726ECD55B00C0F3E4 /* UIButtonExtension.swift */,
				4A9D14A826ECD55B00C0F3E4 /* UIImageViewExtension.swift */,
				4A9D14A926ECD55B00C0F3E4 /* UITextFieldExtension.swift */,
				4A9D14AA26ECD55B00C0F3E4 /* UILabelExtension.swift */,
				4A9D14AB26ECD55B00C0F3E4 /* UIViewControllerExtension.swift */,
				4A9D14AC26ECD55B00C0F3E4 /* UITableViewExtension.swift */,
				4A9D14AD26ECD55B00C0F3E4 /* UIViewExtension.swift */,
				4A9D14AF26ECD55B00C0F3E4 /* UIImageExtension.swift */,
			);
			path = ViewsExtensions;
			sourceTree = "<group>";
		};
		B18CF64426EFCB2A0099EBBC /* RemoteDS */ = {
			isa = PBXGroup;
			children = (
				B18CF64526EFCB480099EBBC /* ServiceApi.swift */,
			);
			path = RemoteDS;
			sourceTree = "<group>";
		};
		B18CF65226EFD21A0099EBBC /* SDK */ = {
			isa = PBXGroup;
			children = (
				B18CF64D26EFCDB60099EBBC /* CowpaySDK.swift */,
				B18CF66926EFDDC20099EBBC /* Interactor.swift */,
			);
			path = SDK;
			sourceTree = "<group>";
		};
		B18CF66E26EFDDD20099EBBC /* Model */ = {
			isa = PBXGroup;
			children = (
				B18CF66F26EFE0090099EBBC /* PaymentInfo.swift */,
			);
			path = Model;
			sourceTree = "<group>";
		};
/* End PBXGroup section */

/* Begin PBXNativeTarget section */
		4A83F03126EBEEE2000A62EB /* CowPay-me-SDK */ = {
			isa = PBXNativeTarget;
			buildConfigurationList = 4A83F05C26EBEEE5000A62EB /* Build configuration list for PBXNativeTarget "CowPay-me-SDK" */;
			buildPhases = (
				64ACAD9D7951DD6275BD5773 /* [CP] Check Pods Manifest.lock */,
				4A83F02E26EBEEE2000A62EB /* Sources */,
				4A83F02F26EBEEE2000A62EB /* Frameworks */,
				4A83F03026EBEEE2000A62EB /* Resources */,
				6E0E8ED207A75B087E17B250 /* [CP] Embed Pods Frameworks */,
			);
			buildRules = (
			);
			dependencies = (
			);
			name = "CowPay-me-SDK";
			productName = "CowPay-me-SDK";
			productReference = 4A83F03226EBEEE2000A62EB /* CowPay-me-SDK.app */;
			productType = "com.apple.product-type.application";
		};
		4A83F04726EBEEE5000A62EB /* CowPay-me-SDKTests */ = {
			isa = PBXNativeTarget;
			buildConfigurationList = 4A83F05F26EBEEE5000A62EB /* Build configuration list for PBXNativeTarget "CowPay-me-SDKTests" */;
			buildPhases = (
				4A83F04426EBEEE5000A62EB /* Sources */,
				4A83F04526EBEEE5000A62EB /* Frameworks */,
				4A83F04626EBEEE5000A62EB /* Resources */,
			);
			buildRules = (
			);
			dependencies = (
				4A83F04A26EBEEE5000A62EB /* PBXTargetDependency */,
			);
			name = "CowPay-me-SDKTests";
			productName = "CowPay-me-SDKTests";
			productReference = 4A83F04826EBEEE5000A62EB /* CowPay-me-SDKTests.xctest */;
			productType = "com.apple.product-type.bundle.unit-test";
		};
		4A83F05226EBEEE5000A62EB /* CowPay-me-SDKUITests */ = {
			isa = PBXNativeTarget;
			buildConfigurationList = 4A83F06226EBEEE5000A62EB /* Build configuration list for PBXNativeTarget "CowPay-me-SDKUITests" */;
			buildPhases = (
				4A83F04F26EBEEE5000A62EB /* Sources */,
				4A83F05026EBEEE5000A62EB /* Frameworks */,
				4A83F05126EBEEE5000A62EB /* Resources */,
			);
			buildRules = (
			);
			dependencies = (
				4A83F05526EBEEE5000A62EB /* PBXTargetDependency */,
			);
			name = "CowPay-me-SDKUITests";
			productName = "CowPay-me-SDKUITests";
			productReference = 4A83F05326EBEEE5000A62EB /* CowPay-me-SDKUITests.xctest */;
			productType = "com.apple.product-type.bundle.ui-testing";
		};
/* End PBXNativeTarget section */

/* Begin PBXProject section */
		4A83F02A26EBEEE2000A62EB /* Project object */ = {
			isa = PBXProject;
			attributes = {
				LastSwiftUpdateCheck = 1220;
				LastUpgradeCheck = 1220;
				TargetAttributes = {
					4A83F03126EBEEE2000A62EB = {
						CreatedOnToolsVersion = 12.2;
					};
					4A83F04726EBEEE5000A62EB = {
						CreatedOnToolsVersion = 12.2;
						TestTargetID = 4A83F03126EBEEE2000A62EB;
					};
					4A83F05226EBEEE5000A62EB = {
						CreatedOnToolsVersion = 12.2;
						TestTargetID = 4A83F03126EBEEE2000A62EB;
					};
				};
			};
			buildConfigurationList = 4A83F02D26EBEEE2000A62EB /* Build configuration list for PBXProject "CowPay-me-SDK" */;
			compatibilityVersion = "Xcode 9.3";
			developmentRegion = en;
			hasScannedForEncodings = 0;
			knownRegions = (
				en,
				Base,
				ar,
			);
			mainGroup = 4A83F02926EBEEE2000A62EB;
			productRefGroup = 4A83F03326EBEEE2000A62EB /* Products */;
			projectDirPath = "";
			projectRoot = "";
			targets = (
				4A83F03126EBEEE2000A62EB /* CowPay-me-SDK */,
				4A83F04726EBEEE5000A62EB /* CowPay-me-SDKTests */,
				4A83F05226EBEEE5000A62EB /* CowPay-me-SDKUITests */,
			);
		};
/* End PBXProject section */

/* Begin PBXResourcesBuildPhase section */
		4A83F03026EBEEE2000A62EB /* Resources */ = {
			isa = PBXResourcesBuildPhase;
			buildActionMask = 2147483647;
			files = (
				4A9D148F26ECD27200C0F3E4 /* Localizable.strings in Resources */,
				4A83F04226EBEEE4000A62EB /* LaunchScreen.storyboard in Resources */,
				4A83F03F26EBEEE4000A62EB /* Assets.xcassets in Resources */,
				4A83F03D26EBEEE2000A62EB /* Main.storyboard in Resources */,
				4A9D147426ECC0A600C0F3E4 /* CowPay.storyboard in Resources */,
			);
			runOnlyForDeploymentPostprocessing = 0;
		};
		4A83F04626EBEEE5000A62EB /* Resources */ = {
			isa = PBXResourcesBuildPhase;
			buildActionMask = 2147483647;
			files = (
			);
			runOnlyForDeploymentPostprocessing = 0;
		};
		4A83F05126EBEEE5000A62EB /* Resources */ = {
			isa = PBXResourcesBuildPhase;
			buildActionMask = 2147483647;
			files = (
			);
			runOnlyForDeploymentPostprocessing = 0;
		};
/* End PBXResourcesBuildPhase section */

/* Begin PBXShellScriptBuildPhase section */
		64ACAD9D7951DD6275BD5773 /* [CP] Check Pods Manifest.lock */ = {
			isa = PBXShellScriptBuildPhase;
			buildActionMask = 2147483647;
			files = (
			);
			inputFileListPaths = (
			);
			inputPaths = (
				"${PODS_PODFILE_DIR_PATH}/Podfile.lock",
				"${PODS_ROOT}/Manifest.lock",
			);
			name = "[CP] Check Pods Manifest.lock";
			outputFileListPaths = (
			);
			outputPaths = (
				"$(DERIVED_FILE_DIR)/Pods-CowPay-me-SDK-checkManifestLockResult.txt",
			);
			runOnlyForDeploymentPostprocessing = 0;
			shellPath = /bin/sh;
			shellScript = "diff \"${PODS_PODFILE_DIR_PATH}/Podfile.lock\" \"${PODS_ROOT}/Manifest.lock\" > /dev/null\nif [ $? != 0 ] ; then\n    # print error to STDERR\n    echo \"error: The sandbox is not in sync with the Podfile.lock. Run 'pod install' or update your CocoaPods installation.\" >&2\n    exit 1\nfi\n# This output is used by Xcode 'outputs' to avoid re-running this script phase.\necho \"SUCCESS\" > \"${SCRIPT_OUTPUT_FILE_0}\"\n";
			showEnvVarsInLog = 0;
		};
		6E0E8ED207A75B087E17B250 /* [CP] Embed Pods Frameworks */ = {
			isa = PBXShellScriptBuildPhase;
			buildActionMask = 2147483647;
			files = (
			);
			inputFileListPaths = (
				"${PODS_ROOT}/Target Support Files/Pods-CowPay-me-SDK/Pods-CowPay-me-SDK-frameworks-${CONFIGURATION}-input-files.xcfilelist",
			);
			name = "[CP] Embed Pods Frameworks";
			outputFileListPaths = (
				"${PODS_ROOT}/Target Support Files/Pods-CowPay-me-SDK/Pods-CowPay-me-SDK-frameworks-${CONFIGURATION}-output-files.xcfilelist",
			);
			runOnlyForDeploymentPostprocessing = 0;
			shellPath = /bin/sh;
			shellScript = "\"${PODS_ROOT}/Target Support Files/Pods-CowPay-me-SDK/Pods-CowPay-me-SDK-frameworks.sh\"\n";
			showEnvVarsInLog = 0;
		};
/* End PBXShellScriptBuildPhase section */

/* Begin PBXSourcesBuildPhase section */
		4A83F02E26EBEEE2000A62EB /* Sources */ = {
			isa = PBXSourcesBuildPhase;
			buildActionMask = 2147483647;
			files = (
				4A9D14C326ECD55B00C0F3E4 /* UIViewExtension.swift in Sources */,
				4A9D14C526ECD55B00C0F3E4 /* UIImageExtension.swift in Sources */,
				B18CF66226EFD8B50099EBBC /* NVCViewController.swift in Sources */,
				4A9D14BE26ECD55B00C0F3E4 /* UIImageViewExtension.swift in Sources */,
				4A9D149726ECD2AE00C0F3E4 /* Constants.swift in Sources */,
				B18CF64626EFCB480099EBBC /* ServiceApi.swift in Sources */,
				4A9D14BB26ECD55B00C0F3E4 /* UIColorExtension.swift in Sources */,
				4A9D14C026ECD55B00C0F3E4 /* UILabelExtension.swift in Sources */,
				B18CF64E26EFCDB60099EBBC /* CowpaySDK.swift in Sources */,
				4A9D14CF26ECD55B00C0F3E4 /* UITapGestureRecognizer.swift in Sources */,
				4A9D14C926ECD55B00C0F3E4 /* StringExtension.swift in Sources */,
				4A9D14CD26ECD55B00C0F3E4 /* DateExtension.swift in Sources */,
				B18CF66A26EFDDC20099EBBC /* Interactor.swift in Sources */,
				4A9D149026ECD27200C0F3E4 /* LocalizationHelper.swift in Sources */,
				4A9D14C726ECD55B00C0F3E4 /* DispatchQueue .swift in Sources */,
				4A9D14BF26ECD55B00C0F3E4 /* UITextFieldExtension.swift in Sources */,
				4A9D14C626ECD55B00C0F3E4 /* CGFloatExtension.swift in Sources */,
				4A9D148326ECC3AF00C0F3E4 /* CowPayViewController.swift in Sources */,
				4A9D14BD26ECD55B00C0F3E4 /* UIButtonExtension.swift in Sources */,
				4A9D14CB26ECD55B00C0F3E4 /* DoubleExtension.swift in Sources */,
				4A9D14C126ECD55B00C0F3E4 /* UIViewControllerExtension.swift in Sources */,
				4A83F03A26EBEEE2000A62EB /* CowPayInitializer.swift in Sources */,
				4A83F03626EBEEE2000A62EB /* AppDelegate.swift in Sources */,
				4A9D14C226ECD55B00C0F3E4 /* UITableViewExtension.swift in Sources */,
				4A9D14C826ECD55B00C0F3E4 /* Encodable.swift in Sources */,
				B18CF65726EFD3FD0099EBBC /* MyCode.swift in Sources */,
				B18CF67026EFE0090099EBBC /* PaymentInfo.swift in Sources */,
				4A9D14CE26ECD55B00C0F3E4 /* TableViewExtension.swift in Sources */,
			);
			runOnlyForDeploymentPostprocessing = 0;
		};
		4A83F04426EBEEE5000A62EB /* Sources */ = {
			isa = PBXSourcesBuildPhase;
			buildActionMask = 2147483647;
			files = (
				4A83F04D26EBEEE5000A62EB /* CowPay_me_SDKTests.swift in Sources */,
			);
			runOnlyForDeploymentPostprocessing = 0;
		};
		4A83F04F26EBEEE5000A62EB /* Sources */ = {
			isa = PBXSourcesBuildPhase;
			buildActionMask = 2147483647;
			files = (
				4A83F05826EBEEE5000A62EB /* CowPay_me_SDKUITests.swift in Sources */,
			);
			runOnlyForDeploymentPostprocessing = 0;
		};
/* End PBXSourcesBuildPhase section */

/* Begin PBXTargetDependency section */
		4A83F04A26EBEEE5000A62EB /* PBXTargetDependency */ = {
			isa = PBXTargetDependency;
			target = 4A83F03126EBEEE2000A62EB /* CowPay-me-SDK */;
			targetProxy = 4A83F04926EBEEE5000A62EB /* PBXContainerItemProxy */;
		};
		4A83F05526EBEEE5000A62EB /* PBXTargetDependency */ = {
			isa = PBXTargetDependency;
			target = 4A83F03126EBEEE2000A62EB /* CowPay-me-SDK */;
			targetProxy = 4A83F05426EBEEE5000A62EB /* PBXContainerItemProxy */;
		};
/* End PBXTargetDependency section */

/* Begin PBXVariantGroup section */
		4A83F03B26EBEEE2000A62EB /* Main.storyboard */ = {
			isa = PBXVariantGroup;
			children = (
				4A83F03C26EBEEE2000A62EB /* Base */,
			);
			name = Main.storyboard;
			sourceTree = "<group>";
		};
		4A83F04026EBEEE4000A62EB /* LaunchScreen.storyboard */ = {
			isa = PBXVariantGroup;
			children = (
				4A83F04126EBEEE4000A62EB /* Base */,
			);
			name = LaunchScreen.storyboard;
			sourceTree = "<group>";
		};
		4A9D148B26ECD27200C0F3E4 /* Localizable.strings */ = {
			isa = PBXVariantGroup;
			children = (
				4A9D148C26ECD27200C0F3E4 /* ar */,
				4A9D148E26ECD27200C0F3E4 /* en */,
			);
			name = Localizable.strings;
			sourceTree = "<group>";
		};
/* End PBXVariantGroup section */

/* Begin XCBuildConfiguration section */
		4A83F05A26EBEEE5000A62EB /* Debug */ = {
			isa = XCBuildConfiguration;
			buildSettings = {
				ALWAYS_SEARCH_USER_PATHS = NO;
				CLANG_ANALYZER_NONNULL = YES;
				CLANG_ANALYZER_NUMBER_OBJECT_CONVERSION = YES_AGGRESSIVE;
				CLANG_CXX_LANGUAGE_STANDARD = "gnu++14";
				CLANG_CXX_LIBRARY = "libc++";
				CLANG_ENABLE_MODULES = YES;
				CLANG_ENABLE_OBJC_ARC = YES;
				CLANG_ENABLE_OBJC_WEAK = YES;
				CLANG_WARN_BLOCK_CAPTURE_AUTORELEASING = YES;
				CLANG_WARN_BOOL_CONVERSION = YES;
				CLANG_WARN_COMMA = YES;
				CLANG_WARN_CONSTANT_CONVERSION = YES;
				CLANG_WARN_DEPRECATED_OBJC_IMPLEMENTATIONS = YES;
				CLANG_WARN_DIRECT_OBJC_ISA_USAGE = YES_ERROR;
				CLANG_WARN_DOCUMENTATION_COMMENTS = YES;
				CLANG_WARN_EMPTY_BODY = YES;
				CLANG_WARN_ENUM_CONVERSION = YES;
				CLANG_WARN_INFINITE_RECURSION = YES;
				CLANG_WARN_INT_CONVERSION = YES;
				CLANG_WARN_NON_LITERAL_NULL_CONVERSION = YES;
				CLANG_WARN_OBJC_IMPLICIT_RETAIN_SELF = YES;
				CLANG_WARN_OBJC_LITERAL_CONVERSION = YES;
				CLANG_WARN_OBJC_ROOT_CLASS = YES_ERROR;
				CLANG_WARN_QUOTED_INCLUDE_IN_FRAMEWORK_HEADER = YES;
				CLANG_WARN_RANGE_LOOP_ANALYSIS = YES;
				CLANG_WARN_STRICT_PROTOTYPES = YES;
				CLANG_WARN_SUSPICIOUS_MOVE = YES;
				CLANG_WARN_UNGUARDED_AVAILABILITY = YES_AGGRESSIVE;
				CLANG_WARN_UNREACHABLE_CODE = YES;
				CLANG_WARN__DUPLICATE_METHOD_MATCH = YES;
				COPY_PHASE_STRIP = NO;
				DEBUG_INFORMATION_FORMAT = dwarf;
				ENABLE_STRICT_OBJC_MSGSEND = YES;
				ENABLE_TESTABILITY = YES;
				GCC_C_LANGUAGE_STANDARD = gnu11;
				GCC_DYNAMIC_NO_PIC = NO;
				GCC_NO_COMMON_BLOCKS = YES;
				GCC_OPTIMIZATION_LEVEL = 0;
				GCC_PREPROCESSOR_DEFINITIONS = (
					"DEBUG=1",
					"$(inherited)",
				);
				GCC_WARN_64_TO_32_BIT_CONVERSION = YES;
				GCC_WARN_ABOUT_RETURN_TYPE = YES_ERROR;
				GCC_WARN_UNDECLARED_SELECTOR = YES;
				GCC_WARN_UNINITIALIZED_AUTOS = YES_AGGRESSIVE;
				GCC_WARN_UNUSED_FUNCTION = YES;
				GCC_WARN_UNUSED_VARIABLE = YES;
				IPHONEOS_DEPLOYMENT_TARGET = 14.2;
				MTL_ENABLE_DEBUG_INFO = INCLUDE_SOURCE;
				MTL_FAST_MATH = YES;
				ONLY_ACTIVE_ARCH = YES;
				SDKROOT = iphoneos;
				SWIFT_ACTIVE_COMPILATION_CONDITIONS = DEBUG;
				SWIFT_OPTIMIZATION_LEVEL = "-Onone";
			};
			name = Debug;
		};
		4A83F05B26EBEEE5000A62EB /* Release */ = {
			isa = XCBuildConfiguration;
			buildSettings = {
				ALWAYS_SEARCH_USER_PATHS = NO;
				CLANG_ANALYZER_NONNULL = YES;
				CLANG_ANALYZER_NUMBER_OBJECT_CONVERSION = YES_AGGRESSIVE;
				CLANG_CXX_LANGUAGE_STANDARD = "gnu++14";
				CLANG_CXX_LIBRARY = "libc++";
				CLANG_ENABLE_MODULES = YES;
				CLANG_ENABLE_OBJC_ARC = YES;
				CLANG_ENABLE_OBJC_WEAK = YES;
				CLANG_WARN_BLOCK_CAPTURE_AUTORELEASING = YES;
				CLANG_WARN_BOOL_CONVERSION = YES;
				CLANG_WARN_COMMA = YES;
				CLANG_WARN_CONSTANT_CONVERSION = YES;
				CLANG_WARN_DEPRECATED_OBJC_IMPLEMENTATIONS = YES;
				CLANG_WARN_DIRECT_OBJC_ISA_USAGE = YES_ERROR;
				CLANG_WARN_DOCUMENTATION_COMMENTS = YES;
				CLANG_WARN_EMPTY_BODY = YES;
				CLANG_WARN_ENUM_CONVERSION = YES;
				CLANG_WARN_INFINITE_RECURSION = YES;
				CLANG_WARN_INT_CONVERSION = YES;
				CLANG_WARN_NON_LITERAL_NULL_CONVERSION = YES;
				CLANG_WARN_OBJC_IMPLICIT_RETAIN_SELF = YES;
				CLANG_WARN_OBJC_LITERAL_CONVERSION = YES;
				CLANG_WARN_OBJC_ROOT_CLASS = YES_ERROR;
				CLANG_WARN_QUOTED_INCLUDE_IN_FRAMEWORK_HEADER = YES;
				CLANG_WARN_RANGE_LOOP_ANALYSIS = YES;
				CLANG_WARN_STRICT_PROTOTYPES = YES;
				CLANG_WARN_SUSPICIOUS_MOVE = YES;
				CLANG_WARN_UNGUARDED_AVAILABILITY = YES_AGGRESSIVE;
				CLANG_WARN_UNREACHABLE_CODE = YES;
				CLANG_WARN__DUPLICATE_METHOD_MATCH = YES;
				COPY_PHASE_STRIP = NO;
				DEBUG_INFORMATION_FORMAT = "dwarf-with-dsym";
				ENABLE_NS_ASSERTIONS = NO;
				ENABLE_STRICT_OBJC_MSGSEND = YES;
				GCC_C_LANGUAGE_STANDARD = gnu11;
				GCC_NO_COMMON_BLOCKS = YES;
				GCC_WARN_64_TO_32_BIT_CONVERSION = YES;
				GCC_WARN_ABOUT_RETURN_TYPE = YES_ERROR;
				GCC_WARN_UNDECLARED_SELECTOR = YES;
				GCC_WARN_UNINITIALIZED_AUTOS = YES_AGGRESSIVE;
				GCC_WARN_UNUSED_FUNCTION = YES;
				GCC_WARN_UNUSED_VARIABLE = YES;
				IPHONEOS_DEPLOYMENT_TARGET = 14.2;
				MTL_ENABLE_DEBUG_INFO = NO;
				MTL_FAST_MATH = YES;
				SDKROOT = iphoneos;
				SWIFT_COMPILATION_MODE = wholemodule;
				SWIFT_OPTIMIZATION_LEVEL = "-O";
				VALIDATE_PRODUCT = YES;
			};
			name = Release;
		};
		4A83F05D26EBEEE5000A62EB /* Debug */ = {
			isa = XCBuildConfiguration;
			baseConfigurationReference = 986EC6A57575E605E6F155F1 /* Pods-CowPay-me-SDK.debug.xcconfig */;
			buildSettings = {
				ASSETCATALOG_COMPILER_APPICON_NAME = AppIcon;
				ASSETCATALOG_COMPILER_GLOBAL_ACCENT_COLOR_NAME = AccentColor;
				CODE_SIGN_STYLE = Automatic;
				INFOPLIST_FILE = "CowPay-me-SDK/Info.plist";
				IPHONEOS_DEPLOYMENT_TARGET = 13.0;
				LD_RUNPATH_SEARCH_PATHS = (
					"$(inherited)",
					"@executable_path/Frameworks",
				);
				PRODUCT_BUNDLE_IDENTIFIER = "com.ahmed.CowPay-me-SDK";
				PRODUCT_NAME = "$(TARGET_NAME)";
				SWIFT_VERSION = 5.0;
				TARGETED_DEVICE_FAMILY = 1;
			};
			name = Debug;
		};
		4A83F05E26EBEEE5000A62EB /* Release */ = {
			isa = XCBuildConfiguration;
			baseConfigurationReference = D21C04F86747DCDC9F0C538E /* Pods-CowPay-me-SDK.release.xcconfig */;
			buildSettings = {
				ASSETCATALOG_COMPILER_APPICON_NAME = AppIcon;
				ASSETCATALOG_COMPILER_GLOBAL_ACCENT_COLOR_NAME = AccentColor;
				CODE_SIGN_STYLE = Automatic;
				INFOPLIST_FILE = "CowPay-me-SDK/Info.plist";
				IPHONEOS_DEPLOYMENT_TARGET = 13.0;
				LD_RUNPATH_SEARCH_PATHS = (
					"$(inherited)",
					"@executable_path/Frameworks",
				);
				PRODUCT_BUNDLE_IDENTIFIER = "com.ahmed.CowPay-me-SDK";
				PRODUCT_NAME = "$(TARGET_NAME)";
				SWIFT_VERSION = 5.0;
				TARGETED_DEVICE_FAMILY = 1;
			};
			name = Release;
		};
		4A83F06026EBEEE5000A62EB /* Debug */ = {
			isa = XCBuildConfiguration;
			buildSettings = {
				ALWAYS_EMBED_SWIFT_STANDARD_LIBRARIES = YES;
				BUNDLE_LOADER = "$(TEST_HOST)";
				CODE_SIGN_STYLE = Automatic;
				INFOPLIST_FILE = "CowPay-me-SDKTests/Info.plist";
				IPHONEOS_DEPLOYMENT_TARGET = 14.2;
				LD_RUNPATH_SEARCH_PATHS = (
					"$(inherited)",
					"@executable_path/Frameworks",
					"@loader_path/Frameworks",
				);
				PRODUCT_BUNDLE_IDENTIFIER = "com.ahmed.CowPay-me-SDKTests";
				PRODUCT_NAME = "$(TARGET_NAME)";
				SWIFT_VERSION = 5.0;
				TARGETED_DEVICE_FAMILY = "1,2";
				TEST_HOST = "$(BUILT_PRODUCTS_DIR)/CowPay-me-SDK.app/CowPay-me-SDK";
			};
			name = Debug;
		};
		4A83F06126EBEEE5000A62EB /* Release */ = {
			isa = XCBuildConfiguration;
			buildSettings = {
				ALWAYS_EMBED_SWIFT_STANDARD_LIBRARIES = YES;
				BUNDLE_LOADER = "$(TEST_HOST)";
				CODE_SIGN_STYLE = Automatic;
				INFOPLIST_FILE = "CowPay-me-SDKTests/Info.plist";
				IPHONEOS_DEPLOYMENT_TARGET = 14.2;
				LD_RUNPATH_SEARCH_PATHS = (
					"$(inherited)",
					"@executable_path/Frameworks",
					"@loader_path/Frameworks",
				);
				PRODUCT_BUNDLE_IDENTIFIER = "com.ahmed.CowPay-me-SDKTests";
				PRODUCT_NAME = "$(TARGET_NAME)";
				SWIFT_VERSION = 5.0;
				TARGETED_DEVICE_FAMILY = "1,2";
				TEST_HOST = "$(BUILT_PRODUCTS_DIR)/CowPay-me-SDK.app/CowPay-me-SDK";
			};
			name = Release;
		};
		4A83F06326EBEEE5000A62EB /* Debug */ = {
			isa = XCBuildConfiguration;
			buildSettings = {
				ALWAYS_EMBED_SWIFT_STANDARD_LIBRARIES = YES;
				CODE_SIGN_STYLE = Automatic;
				INFOPLIST_FILE = "CowPay-me-SDKUITests/Info.plist";
				LD_RUNPATH_SEARCH_PATHS = (
					"$(inherited)",
					"@executable_path/Frameworks",
					"@loader_path/Frameworks",
				);
				PRODUCT_BUNDLE_IDENTIFIER = "com.ahmed.CowPay-me-SDKUITests";
				PRODUCT_NAME = "$(TARGET_NAME)";
				SWIFT_VERSION = 5.0;
				TARGETED_DEVICE_FAMILY = "1,2";
				TEST_TARGET_NAME = "CowPay-me-SDK";
			};
			name = Debug;
		};
		4A83F06426EBEEE5000A62EB /* Release */ = {
			isa = XCBuildConfiguration;
			buildSettings = {
				ALWAYS_EMBED_SWIFT_STANDARD_LIBRARIES = YES;
				CODE_SIGN_STYLE = Automatic;
				INFOPLIST_FILE = "CowPay-me-SDKUITests/Info.plist";
				LD_RUNPATH_SEARCH_PATHS = (
					"$(inherited)",
					"@executable_path/Frameworks",
					"@loader_path/Frameworks",
				);
				PRODUCT_BUNDLE_IDENTIFIER = "com.ahmed.CowPay-me-SDKUITests";
				PRODUCT_NAME = "$(TARGET_NAME)";
				SWIFT_VERSION = 5.0;
				TARGETED_DEVICE_FAMILY = "1,2";
				TEST_TARGET_NAME = "CowPay-me-SDK";
			};
			name = Release;
		};
/* End XCBuildConfiguration section */

/* Begin XCConfigurationList section */
		4A83F02D26EBEEE2000A62EB /* Build configuration list for PBXProject "CowPay-me-SDK" */ = {
			isa = XCConfigurationList;
			buildConfigurations = (
				4A83F05A26EBEEE5000A62EB /* Debug */,
				4A83F05B26EBEEE5000A62EB /* Release */,
			);
			defaultConfigurationIsVisible = 0;
			defaultConfigurationName = Release;
		};
		4A83F05C26EBEEE5000A62EB /* Build configuration list for PBXNativeTarget "CowPay-me-SDK" */ = {
			isa = XCConfigurationList;
			buildConfigurations = (
				4A83F05D26EBEEE5000A62EB /* Debug */,
				4A83F05E26EBEEE5000A62EB /* Release */,
			);
			defaultConfigurationIsVisible = 0;
			defaultConfigurationName = Release;
		};
		4A83F05F26EBEEE5000A62EB /* Build configuration list for PBXNativeTarget "CowPay-me-SDKTests" */ = {
			isa = XCConfigurationList;
			buildConfigurations = (
				4A83F06026EBEEE5000A62EB /* Debug */,
				4A83F06126EBEEE5000A62EB /* Release */,
			);
			defaultConfigurationIsVisible = 0;
			defaultConfigurationName = Release;
		};
		4A83F06226EBEEE5000A62EB /* Build configuration list for PBXNativeTarget "CowPay-me-SDKUITests" */ = {
			isa = XCConfigurationList;
			buildConfigurations = (
				4A83F06326EBEEE5000A62EB /* Debug */,
				4A83F06426EBEEE5000A62EB /* Release */,
			);
			defaultConfigurationIsVisible = 0;
			defaultConfigurationName = Release;
		};
/* End XCConfigurationList section */
	};
	rootObject = 4A83F02A26EBEEE2000A62EB /* Project object */;
}
